
Microsoft Visual Studio Solution File, Format Version 9.00
# Visual C++ Express 2005
Project("{8BC9CEB8-8B4A-11D0-8D11-00A0C91BC942}") = "test", "test.vcproj", "{DDAD59C9-019D-497B-9F64-8E8685DCB5AE}"
EndProject
Global
	GlobalSection(SolutionConfigurationPlatforms) = preSolution
		Debug|Win32 = Debug|Win32
		Release|Win32 = Release|Win32
	EndGlobalSection
	GlobalSection(ProjectConfigurationPlatforms) = postSolution
		{DDAD59C9-019D-497B-9F64-8E8685DCB5AE}.Debug|Win32.ActiveCfg = Debug|Win32
		{DDAD59C9-019D-497B-9F64-8E8685DCB5AE}.Debug|Win32.Build.0 = Debug|Win32
		{DDAD59C9-019D-497B-9F64-8E8685DCB5AE}.Release|Win32.ActiveCfg = Release|Win32
		{DDAD59C9-019D-497B-9F64-8E8685DCB5AE}.Release|Win32.Build.0 = Release|Win32
	EndGlobalSection
	GlobalSection(SolutionProperties) = preSolution
		HideSolutionNode = FALSE
	EndGlobalSection
EndGlobal
